
Microsoft Visual Studio Solution File, Format Version 12.00
# Visual Studio Version 16
VisualStudioVersion = 16.0.32126.315
MinimumVisualStudioVersion = 10.0.40219.1
Project("{FAE04EC0-301F-11D3-BF4B-00C04F79EFBC}") = "eShop", "eShop\eShop.csproj", "{9D7B4357-A031-46FE-BCEC-3E8EEE3D41DC}"
EndProject
Global
	GlobalSection(SolutionConfigurationPlatforms) = preSolution
		Debug|Any CPU = Debug|Any CPU
		Release|Any CPU = Release|Any CPU
	EndGlobalSection
	GlobalSection(ProjectConfigurationPlatforms) = postSolution
		{9D7B4357-A031-46FE-BCEC-3E8EEE3D41DC}.Debug|Any CPU.ActiveCfg = Debug|Any CPU
		{9D7B4357-A031-46FE-BCEC-3E8EEE3D41DC}.Debug|Any CPU.Build.0 = Debug|Any CPU
		{9D7B4357-A031-46FE-BCEC-3E8EEE3D41DC}.Release|Any CPU.ActiveCfg = Release|Any CPU
		{9D7B4357-A031-46FE-BCEC-3E8EEE3D41DC}.Release|Any CPU.Build.0 = Release|Any CPU
	EndGlobalSection
	GlobalSection(SolutionProperties) = preSolution
		HideSolutionNode = FALSE
	EndGlobalSection
	GlobalSection(ExtensibilityGlobals) = postSolution
		SolutionGuid = {A22EE97E-C096-4656-BA16-F92390C4B1B8}
	EndGlobalSection
EndGlobal
