
Microsoft Visual Studio Solution File, Format Version 12.00
# Visual Studio Version 17
VisualStudioVersion = 17.6.33801.468
MinimumVisualStudioVersion = 10.0.40219.1
Project("{9A19103F-16F7-4668-BE54-9A1E7A4F7556}") = "eShop.WebApp", "eShop\eShop.WebApp.csproj", "{9D7B4357-A031-46FE-BCEC-3E8EEE3D41DC}"
EndProject
Project("{2150E333-8FDC-42A3-9474-1A3956D46DE8}") = "Solution Items", "Solution Items", "{020DD534-DCB2-403A-B0A0-D1EAC93AF2F3}"
	ProjectSection(SolutionItems) = preProject
		README.md = README.md
	EndProjectSection
EndProject
Project("{9A19103F-16F7-4668-BE54-9A1E7A4F7556}") = "eShop.Data", "eShop.Data\eShop.Data.csproj", "{F078C4F1-A245-4F07-BA8D-6966DE340C6D}"
EndProject
Project("{9A19103F-16F7-4668-BE54-9A1E7A4F7556}") = "eShop.Application", "eShop.Application\eShop.Application.csproj", "{D794A8B9-94EE-413F-9E8E-83B13A153334}"
EndProject
Global
	GlobalSection(SolutionConfigurationPlatforms) = preSolution
		Debug|Any CPU = Debug|Any CPU
		Release|Any CPU = Release|Any CPU
	EndGlobalSection
	GlobalSection(ProjectConfigurationPlatforms) = postSolution
		{9D7B4357-A031-46FE-BCEC-3E8EEE3D41DC}.Debug|Any CPU.ActiveCfg = Debug|Any CPU
		{9D7B4357-A031-46FE-BCEC-3E8EEE3D41DC}.Debug|Any CPU.Build.0 = Debug|Any CPU
		{9D7B4357-A031-46FE-BCEC-3E8EEE3D41DC}.Release|Any CPU.ActiveCfg = Release|Any CPU
		{9D7B4357-A031-46FE-BCEC-3E8EEE3D41DC}.Release|Any CPU.Build.0 = Release|Any CPU
		{F078C4F1-A245-4F07-BA8D-6966DE340C6D}.Debug|Any CPU.ActiveCfg = Debug|Any CPU
		{F078C4F1-A245-4F07-BA8D-6966DE340C6D}.Debug|Any CPU.Build.0 = Debug|Any CPU
		{F078C4F1-A245-4F07-BA8D-6966DE340C6D}.Release|Any CPU.ActiveCfg = Release|Any CPU
		{F078C4F1-A245-4F07-BA8D-6966DE340C6D}.Release|Any CPU.Build.0 = Release|Any CPU
		{D794A8B9-94EE-413F-9E8E-83B13A153334}.Debug|Any CPU.ActiveCfg = Debug|Any CPU
		{D794A8B9-94EE-413F-9E8E-83B13A153334}.Debug|Any CPU.Build.0 = Debug|Any CPU
		{D794A8B9-94EE-413F-9E8E-83B13A153334}.Release|Any CPU.ActiveCfg = Release|Any CPU
		{D794A8B9-94EE-413F-9E8E-83B13A153334}.Release|Any CPU.Build.0 = Release|Any CPU
	EndGlobalSection
	GlobalSection(SolutionProperties) = preSolution
		HideSolutionNode = FALSE
	EndGlobalSection
	GlobalSection(ExtensibilityGlobals) = postSolution
		SolutionGuid = {A22EE97E-C096-4656-BA16-F92390C4B1B8}
	EndGlobalSection
EndGlobal
